{
    "_meta": {
        "hash": {
            "sha256": "8736e6b7bffae5027efdf2554226a37c8673a5fe72bc633871a9c078e368e9c5"
        },
        "pipfile-spec": 6,
        "requires": {
            "python_version": "3.11"
        },
        "sources": [
            {
                "name": "pypi",
                "url": "https://pypi.org/simple",
                "verify_ssl": true
            }
        ]
    },
    "default": {
        "fastcrc": {
            "hashes": [
                "sha256:00859de2d0b03da3751e052ee8801b21ea5045a22a279cfe6b168c3758699eaa",
                "sha256:04f5d74447cad11b01597ae59d53089e3631ff7600c0934131958d85a849d095",
                "sha256:06994baaf023bb09b388027d6ffa0157cd631e577caf8ea47229d1b705407002",
                "sha256:0989783bf45578555dbff0d00cb099e6a8c7dec6a7cbc5cf46e85291bca0ad45",
                "sha256:0f3e6241db9de01a69c966302a57b53eee4bbfd943faed1f6dbfce5434af0b44",
                "sha256:10fbfc6ca913c1be8ec38b5b209aeebfc503bcdac6a91b512faaecad2eee71ca",
                "sha256:1173f1c622b3c0495c4ed944ce264503ea5e38d5a96cbfe2ee9966eac160e630",
                "sha256:129bf39d1f21a2d440170f8ea2afc7d5c9bc53e309cb27cf0b40f43dd950853a",
                "sha256:13a7e39c9e085170cade52bda4c0e33169d2618dfd1ad00d230c5b8a62a7b774",
                "sha256:16b526814f4f4d8613b9b956f09cddf3bccb80c06e8c639c661bc8840874e17c",
                "sha256:193b1f370252d433fc0ddcaa9a2971fbf01d676cfa9b780979ce090839a4b419",
                "sha256:1ae91335202e8bff24efb2311f0bfda60517f6947a5b5ad3f86fb5256f386af5",
                "sha256:1b64d9fcc4f98ab09c515ec98457b1f2298be89f47bef39cc004824f54660986",
                "sha256:1c39e921b5bc7c1532b344c15142282d007e2779d44122e26b8e00d1e590d3bc",
                "sha256:222f602cfa2ec253393aad1166c4fbbb258eac5317970941927b45622e747982",
                "sha256:239959faea2b87f7e5db13a5a33f36817d7437d01ffe1f7320013ac359a37f0a",
                "sha256:244bfc57ba160fa394f38aa7ef9a3e4dad05ecbc0b0cb1c3801b271268653f8b",
                "sha256:25b2db799c89e3f6b14ef2b7f2fcaadc1d8a7e67fb090e27f20ce3e0b47c0976",
                "sha256:277acdbb6b4de7ed387fc3ee954a789b2bac78f0dc09c98a463687de8078a05a",
                "sha256:27835c8491cd255da9bd34268f1ebc72fd8db1b8fc0673a1e309b77f005c73d5",
                "sha256:285dd37eac5670a6a808f5fa168e5c7318922c7ca69883e3d73728849a0e90e1",
                "sha256:2d0e9885d78dcf9e7a055c77c8806bbe07623090a0d49914b65f16e955c6726a",
                "sha256:2f2b8399fc603e0227c540a987a73178377e88bd06f1520ab1208094d1223f15",
                "sha256:2ff6e8490c217324a52daa622aad6c4040cc575efbee5f54042c5df8d5d9f158",
                "sha256:30fdeed6327bf501cf8c42f690683bfb86f426cfbefe02eea37857364eb1b3f1",
                "sha256:31bef3e4de239ddc407063237651674866c155e9e99ae11b87c44a305aa6836b",
                "sha256:32235700a5beceda837eba72f664d7df225c905b469ea244d179b549855d37fb",
                "sha256:344914e250444f9bc6449d3a2c1dbb3bbbdddf328da5a39cdb9a30c675861756",
                "sha256:36a9e63472fb190e41fc880d422459c0b11ed06cde7eb0246b79882929f18d9a",
                "sha256:3708aa979452bec7b475025d84e52abba3c638a5faee3e2f9b440b9ce3a9d7d4",
                "sha256:393a97e00af8926d2c142d57c7e09ad8dafc840064619c4db5c471ca3041ae8f",
                "sha256:3aa335afe937c3ff9df5924b73c665fa4c1ccf27412a924004a5785a968d20d9",
                "sha256:3fbe7bdf0eddc118dba4c104a32bf3378a801fd8ae4ea876fac448e044edb02e",
                "sha256:44b6b723b831eab3ac605ac7131395987882657c3da57fcc2b5f13201a6720f7",
                "sha256:458116c0a7125e2d2b74e0c28e128d8181b2b8a99ef1cf23176d8e1d7b1f5514",
                "sha256:4641228c3ce8bb915ae7f1b6e82dc282a6506d3b50bd5b9af9642a2511c8fbfa",
                "sha256:4822072117080f0673728882b1c73d282380ddf727e3ad9d4981a868a0d289f5",
                "sha256:49a68fad7e7df4e1149bf3ffe4e392be79b696d9adef7aab977c6c9291961e25",
                "sha256:4acc32cfd2a932a15cd2f6b9c43ce84f0d600b09fbb1bfa1402a459f94f70908",
                "sha256:4af3dc37fa2b0c30d3216182b401945ee042b9d2da7b50c481d871d782186aba",
                "sha256:4c5f8552f17f8f6080d7f3b2bb7882f0f1ee8ba422e015cd7afbc31f14fc8ecf",
                "sha256:4da21f282abd84a4e519025ae25987ac25b12e58ef7b5ce54d69ef9c37a2f8db",
                "sha256:4f601e2f5bf72faffca061813371fb65c4002101864baf1e345282cf0f246d23",
                "sha256:50bb506ffcd2f918602cf199f42bd5477989b2b56fac5f7acfba0961b6b7a95d",
                "sha256:5152aa7c268345089b34a359c69a066c231dbf6201ff3c55ea75896158d9f6ea",
                "sha256:5302b4d0c1881606e15f982d88b79068f169e7301168c66e508879387df0f090",
                "sha256:53f7fc17c15e39e581405a671d63b39aaa3eed87a5840715aa034b3a2101fc99",
                "sha256:56324c33a450caa5c5b0ae741927af3dff02c08954638443b5014329ab165f3f",
                "sha256:570994edd5f88a32e0f3e8ed6164e8e495aca00ed00f6ccb305ae0b408ee9d9c",
                "sha256:58eb2409d37f47edd962d1a8df55fd018dd553e0830e7c016b92f4ecafb825fe",
                "sha256:5a893ba9ec1ebab11f610b65819c1ce5da921fe0661033d955155f2c1bcaa856",
                "sha256:5b10188b87642d9cb8a56742eb1b019327be433a87f8e20dec5b04cb09ee8df3",
                "sha256:5c3ab14a52658c419189239c8317151c34ed8f0b47351d31be56977942ea3a97",
                "sha256:5eff3578a85b44bacc12cd5cbb110179a7b576e67cadf01243b93e73dc843ce3",
                "sha256:618f5eb626d40cab3be2de9a8f42856907d19c8e1ceabdcc4b857de2158fd173",
                "sha256:6445285a6d9a4a3adbe63ca771dd25c8ce555cc512c348864960c85e23c0094b",
                "sha256:682f903cc6ce4abd61d7593c917b4b472fe868cb513581737a5795dd39f1e71e",
                "sha256:6b09446c00b9e8e873e9072d48f8de30717473b2bf75c4452848f690afb58853",
                "sha256:6c2dfcb88cf3a5df1f8f7575035ef3d32a5458e8f3a19ffa3df6b8d9a720c171",
                "sha256:6d994562e40650a826e06382a260fb0e26f1e4d642eb57c7807ca7388521536d",
                "sha256:7103e0bc0227608567cf33f66caf7d45a3e39b1bdbbb43438e36168eeb25d421",
                "sha256:72557358df8ed6aec6375254242909db3b67209cd8276af09fa3bc06452f48ec",
                "sha256:74650fe0efc4058ac210964258ce9e0f27fa04d769b76edde858088160f46030",
                "sha256:74d9e8789d9cbd1413c13a8d6dc77852d389154e3a1c06bfb9d15a8c990e1398",
                "sha256:77e6ad6f38997b9cd18228030a7e7fd1629d2a97d7eb75c2e886551a6d280f99",
                "sha256:793e04180ab592767bdd7c6a845274a3d235aa2937c0e99304c79f13e92e5655",
                "sha256:7aa3fb452752b2242a99757ac84236c6d5f02ee6ec6c713fbc96f79b8166b210",
                "sha256:7ab8b556d83c79c921ad5503c0388f4af25e02dab0bb8a3081e543261ee1be95",
                "sha256:7dcf265804501bb7a31c5db152e1d560adc42d14ef8a22c112ee348536bf5730",
                "sha256:7ed14e230d0e3a8c9775aa2f2eb7e8d6a2b10eb83db37e2b82ac8478408d80ea",
                "sha256:7f6ca43cc1d1111ae2ab6b47da5533e58a7fb05745e8ca0d328b44a90e5a16bd",
                "sha256:7ff40233dac27a14d5898924cfb50a9a99c452a4a9371cff34b9c274ae01f875",
                "sha256:808ee33e06f612cdb18c49a848b4f59d64e58cd1f87cc21dcfa2ede175404b04",
                "sha256:862f650d329f16b893fcb236780a4e10ea5573581624c91fbc06ceb21defed09",
                "sha256:86bdd6c8dfdb6655c0ffd2d3828d0cbf179e82d7a59f8e45bc0ee9e3720535b7",
                "sha256:86ec7a303b464fc6262a39f826f221e94d8ad70b78aedbb6e095ca04195a4d1a",
                "sha256:881ce2adc044af6eeb82484c70fb3b1a2e095fdf5f743a00a01ed5b5bb6a9da2",
                "sha256:8826320dd50b83af57c688bc242e169d3816b6c81859a02cb89e6f14616a4814",
                "sha256:88794870f357ccfff73fd4d13df9d25e1c1d076f7a480d8aa70caea4ce2f77f6",
                "sha256:89ba96cf367604633a3f0acb7c15f7914ed37874fd3d46e435341f0991a32893",
                "sha256:93ecf33e2ab6ef76d5ee99f22691a06156d4b21ef3be51615d76939b31bda0cf",
                "sha256:94ab4a126d042a52df4e115f7e2dfa1938b2afcc9c62c4195b75409708787e03",
                "sha256:95ff420a55596f3fab07aa1ea5ca91b6af2d6642c709a37edf7ae0afe8500d10",
                "sha256:9656dad9207bcbbddcac9cc38b3abec552c4c1e14d311023a9f472afa7e62a44",
                "sha256:9744a3d8b545bfff1787cf54ddfa50efa99eaae64b3f69e67c229c8302f1dd60",
                "sha256:98a852490ed33dfde71ef48b5763488c9b3b18e3cbba61db7dcce84459fd3c72",
                "sha256:9b2495e28e4d19b1a08b4284c6cb106585eb6332f6aad2ffdf95bc968b918bcc",
                "sha256:9f6d29b24ad19f5734a0a84dd5ea1238641ce976f15218f996e6ed96202879d4",
                "sha256:a049a398f64b8e664d44a61772b7384b6850bafd0242ba2ab0340e703cc30d2e",
                "sha256:a27d34f51a82ba1391cd94f54d1a9264d33372d26e35523156c8809139499f7a",
                "sha256:a51b4d77f4eee5802f559521c8dee04813435a53aa30ebf0f6dd534281784a8e",
                "sha256:a5b85ffe2230bccff4e4c5e36b49511bd0c582b74c130559376f4137202b65d4",
                "sha256:a654415a951ecba2874babefde87b0d911f84c4fb633575186286ab66c86355d",
                "sha256:a663bad3ec57fce7ad0ffa4596e174247c59f20d02a105b630948baed149d387",
                "sha256:a71bc52c24cd61178c8c622f7863cef66e0b7bb4338a1ce826cee0e73b989e4a",
                "sha256:a7ede812e245dd5e1be1ce646239f2e243b4801cf470770e9493dc7c5fa32812",
                "sha256:ac3683665fb3a27371908fe4b56f09babb63df638fee95fa057e8a1a2bb14922",
                "sha256:ac44a61c71bc85a1f4c189b70676c29fb65634dbc6739891c73191823613ac04",
                "sha256:acb318dfe30d657ea40f104c1a287a8c2e2e66535c09499fbe45e9a1c4307b68",
                "sha256:ae154bcf6d05c039f738e36345cc857595adeb5d2e3e4c1ae703db0c0c8ba6a6",
                "sha256:b2e328edcb8193705fc08b69d314ef704af2c9adbe4ab1b2a658354847fc8e47",
                "sha256:b7245e09a0910287083ee40c09dcaff0bc4745573b85ea03d3bb922dace903a3",
                "sha256:b925606c7dd2dd27cc428aad4a3812289a0bbcc11b401660285e853e5cada166",
                "sha256:b9b0946b80dbde40a295130ceba0c5dfa42f7d3f12fdff5ea499c62320cdc0ce",
                "sha256:bd000fd4425f584f057edbb2013c16de5dea510a8901a7e7ab3c478de81ac492",
                "sha256:bd4934eabd3d9546098f8662e374c2bcaa26a775aa915f6ee21aa5741e046929",
                "sha256:bfb7e7365216458eac93c592efd6f435ba9b7e4d50777daef4dbeeb358390dea",
                "sha256:c04295c7f574122dd6b03973d89ebeea6bc7e504cf4446a25418ca8c07db0e45",
                "sha256:c0687c0dbfefdcf4875f884e46fa7b5223193748c796a936b41e371b8b535cf6",
                "sha256:c113b502dcfd4447be636ad10c149ffb3a22acacac47607f0bd00105f03c7e0c",
                "sha256:c35c36663de616ee3c24b4d48478eeaf9997a6dff305449bfe8e1745ac3b4f5c",
                "sha256:c37444a27d3709ed963d496c933511f91eae1e927ef09c6d8281dbb818e89e72",
                "sha256:c4f0bcfa5b19307b2282d650ec5ab69f525632485c2be3d73b6f241e418c39b5",
                "sha256:c5d61a03733f67f46d16c997fd25935809993d5718c0e19e815d5fedc6b1bca1",
                "sha256:c91664571caee7d4116f1890500d80a6bc9159d31836390c5ea9ce2f5e855ee2",
                "sha256:cb507c354bd3460b37fc6dc312789b9aadd51b485b98514f376ea1e4028739bb",
                "sha256:ccb7ce92a5dc848dc60877085ddfd4a9ee5b9449fb8b8c71140f47059a09ff26",
                "sha256:cccf612828638450d37633ab123070c670748140642ddeb052fb730e6b6c3fb1",
                "sha256:ce928cdf070ad627025335e84401d90132ff0f3e292eb4c4b46bd51875e7736c",
                "sha256:ceeef98c8cef8a3463fbe2698daa38153a198f014f96193785904a558ba073fa",
                "sha256:d2cb41840752165431cb0f35e15ecabcfd564e0100ce0abe1380eb4f8a813f84",
                "sha256:d37f5b15d33b402d7de8eadc941a78ed66db035344c1e2466fef17eb83c69b56",
                "sha256:d3880bc45eec8054936b610e5bdb8332d7978c481465cddbe5fc3329c5069bc9",
                "sha256:d52d3834df84f231f9290ad997dd1ac70fcd0610de00c85f3261dc1475d953ff",
                "sha256:d5632c4c3daaf2f06aa6240d7f5966fec12d69d12f57cb363e4f530ddbcbc25e",
                "sha256:d61cdc983d6879d4953e71067c646603a4e5863e15418c82c15f5dce5f54d98c",
                "sha256:d64bd7f422405d4d59a771ef26c32beb136948846460048ec89972de9e2d9efd",
                "sha256:d68c14c4defa0bc6afd104293591b0f7354d56f58b648a4aa2c6dda9b39b0415",
                "sha256:d7790bb9e133be51d1d26973038677fbcafaea4618a0df8c826f20dcb011d0d1",
                "sha256:da34d9e0d16dfca62baf55f341fdd3f45e8f6ccfa239dab5167b45e51853375b",
                "sha256:dc53b1496544ce0353114083a4152b0eacc4995be8036ba3409c1307336b6499",
                "sha256:dcec208cf60010742b2e3114cc19a3b1c0bb6b0869691688335428ca301d5a61",
                "sha256:e18a5efd6e4bb245045149f889fda1693f006054add96cce3ec3a066fa034d0f",
                "sha256:e2c2289c23d09efd54f772f06671783cf506b4094c740b3e87c1a01aa5360527",
                "sha256:e402d8d467f6aabafadf1d2eff222cc761dfb6f26190673e42312ff61666d3d7",
                "sha256:e4c53827a65a2f3e3f8377dc0d84e7aea719e05471b31f06b9e372b969e4268d",
                "sha256:e56997c25dec0adeee2e3feb0495ede32afbf5d2cbeabac6cfc71e00b2023777",
                "sha256:eddfbd00cb0d9f309087c4ca090cdd7dfe1b5124dec39de5e258a124a0df3d53",
                "sha256:efb992f67fc0ac2859cae2c9d939aec82eef5cde408691c72eac4b6ca211f594",
                "sha256:efcebad6d4bde2039434e43e145bc2c3fd6cde99c77548ff0af593eda3753f5a",
                "sha256:f1832a034a188643141877229257db78b5fe7cf72ebbdc42864cc658c21e1daa",
                "sha256:f4739ba612f60e0cb64191070bf456cb1d75eb5b94496b60d5283548566844fe",
                "sha256:f6e74f472e48f29b4ccbace734bffa5ce567fef4cde14983bcad46afeef2e434",
                "sha256:fc94b1a90512191de84a39fab15da74bff3545548fdf93b81f516ed4f4deb0ba",
                "sha256:fde4c412fe75b26999b8bd01cacacdb669e5398b29d3cd9183e7edb47e1f6c23",
                "sha256:fe6bae64236c7379641324af839f5f1a0b00e68d1d2a5e38484dddc26314e663",
                "sha256:feaa67bb7ed4a5faaab6b9d45fbe5db19302954109bb3f67f122ff150d0ce458",
                "sha256:ffd6dfdbeaabfbefab21a0114b346a003662bc15bd00b5710c473b7b5d288678"
            ],
            "markers": "python_version >= '3.7'",
            "version": "==0.3.6"
        },
        "lxml": {
            "hashes": [
                "sha256:05a82eb6e1530a64f26225b55cbd178113bd0b5af1c2b625f25e5296742c26d2",
                "sha256:07a4a68e286ee7a1ed7dfb8af83e615757c0ccfe9f18c6b4ea6771388d9ba8c9",
                "sha256:09dd5b7075dc2f7709654a46543ba1ea3c2e217b2ed8fbd413a8a945a0f40f60",
                "sha256:0b7e8a14c8634bf6f7a568634cb395305a6d964aeb5b7ee32248094bed3a7e2c",
                "sha256:104c09bda8d2a562824c0e319d0768ce26a779b7601e0931d33b09b53c392ef7",
                "sha256:126c93f7f56f0eda92f6d8c619edc463a4f23d9252f1c9d0405a76f25fa9f11a",
                "sha256:162af1091cd785f2f27e62d3547ae9bc58ec5c86dd314d67021fd02463708d83",
                "sha256:17e0e18d4ad8adbd0399291bc44845b69d9dd68439a3cdebdf35ff902ec05072",
                "sha256:18b73c339ae29b90fd2d06e58ebd555a751bde9cd6bbd36cc0281b9a2c94e9d8",
                "sha256:19607c6bbff2a44cf3fe8250abccd20942d3462473e0a721d01d379ed017e462",
                "sha256:19b7ab10b210b0b3ad7985d9ac4eb66ab09a90b20fe6e2f7ba55d01a234345d0",
                "sha256:1d4962d4c66bf830a7e59ed6cfc17d148149898a3aefa8ec6e59763e6e3ed085",
                "sha256:1db753c9115ec7100d073b744d17e25e88a8f90f5c39b2f5dd878149af59671f",
                "sha256:1dde6131244bba38a17c745836ba190bc753fd73c9291666287fd0a3fa3dcf30",
                "sha256:25c6997a9a534e016695a0ba06b2f07945de682731ff01065b6d5a4474179da1",
                "sha256:26e6eda8d38c1fcab1090dd196ee87cbd13788e531937610e2589085de074e77",
                "sha256:27acc820660aaffa4f7c087f29120e12980f7779d56d8492d263170111284740",
                "sha256:2a0217714657e023ef4293500f65aa20fce6164c8fd6b08fa5bd4a859fb14b9b",
                "sha256:2c8daa471358dc2d6fcf02165e80ec68f77871a286df95bc5cc3816153b0fd2c",
                "sha256:30a89d3ac8faec007453fb541f3f46807eeec88edd5826f6e3fe001752a2c621",
                "sha256:31033dc34636ea6b7d5cc11b1ddbda78a14de858ba9d3e1ed4b69a3085bc521e",
                "sha256:32ab449a5486f6c758e849bb86710d0e45edc24a04e250c01555f8f5653958f8",
                "sha256:3483644525531e1d5762b0c44a8e18b6efba321b6dcf8a8952de10b037618bca",
                "sha256:34c2d737beabfe35baada43941ed519251e9a12e779031496bcd5d539fcfd730",
                "sha256:3779def59032b81e44a5f70096ef6bf2082f8d901937dca354474ba09782e245",
                "sha256:37a58976370f36d9329d118ad0b953c5aeb9119ac9c6a4e258942a225d0573a1",
                "sha256:3893c14c4b6ac5b2d54ba8cf03e99fe5104e592de491f19bd6b82756c09f8004",
                "sha256:3a12689be69a28ddaa0ab99a5a1137da2afd5f8f16df7b5680b66f616d3eda1d",
                "sha256:3ab541146f1f6968c462d6c2ac495148e8cdba2f8347700b2141b6ec5a75bf52",
                "sha256:3abf332af33a74288675d936fe861fd4344da0dd6622193fbc4f2bfbb35536b5",
                "sha256:3fd9728a2735fda14f4e8235830c86b539e9661e849665bf926d3f867943b4bf",
                "sha256:424aa57aca0897eb922aef34395bd1289b3b6f04e6bae20ea123c0c7e333cffc",
                "sha256:441dd227fa0690eb9fc81edabc63cdcefc212bba99b906dcf6e32cc1a9d3e533",
                "sha256:469e3618338bd7ab5beb412d2439825479fcf0dab99e394ca563dbc4eaf6c834",
                "sha256:47402e62c52ff5988c1e8c6c63177f5708bccf48e366dea4e3dcf1e645e04947",
                "sha256:4f0dd2f01f9f8a89f565d000e03abcf0a13d692a346c8d22f628d49af098777a",
                "sha256:53b7d2b7a10b1c35c0a5e21e9224accf60c1bbfba523990732e521b2b73adef2",
                "sha256:53c909b62a0532183542fed00c5a7218258c56292d409bc789886fe1cb04c438",
                "sha256:54a7f95e4de5fb94e2f9f4b9055c6ba33bf3d628fd77a1d647c5923caa2cdcdc",
                "sha256:556e94a63c9b04716f8e4de2abb65775061f846e89331b6c5be79183a24f98ea",
                "sha256:55b03549819867ea141c0202242c4816c82e52ec36e7e648db9d8da5a3dc3ed6",
                "sha256:581d4c8ae690a6609e64862dd6b7c2489635c2d13907fc2b20f2bc200ff1d21e",
                "sha256:58bb955caba94e467d2a96da17660d2d704e0675894cba21ab8a775b8621fd1c",
                "sha256:5b7328b46d49fc9477d91ae8f6d55340347d827b7734ba3ea33faae0efef1383",
                "sha256:5ba186ad207446c65d3bb3d3e0412b032b1d9f595e59861e2354798c5703d955",
                "sha256:5bec7d03d78d853597d6107854c2310ce3f761fd218fe9fe91d5101fcf6c2efe",
                "sha256:5c6bf403fbb3b3e348a561a5f4f0b9961835657981c802a1df03653eef8a9074",
                "sha256:5f6994074ebae6ffb04447268e37dc16edc304f9859cf91acb86e0af6c1b395c",
                "sha256:62aeb7e85b5d60320b9d77eef2e773994e2c0ce10121b277e0a19804e1654a5a",
                "sha256:63876be28efefa04a1df615b46770e82042cce445cfdce55160522f57b231ccb",
                "sha256:639f6c857d91d9be29bd7502348d6736dab168b54b5158cd899abf11684dc186",
                "sha256:640f97d43d867bcb9c75b3af013b64850756b746cb6bce8ace83b70da3abba9d",
                "sha256:649dda677cf3bd6ac9ae14007ba0c824ded8ce5808b53fc7431d9140399118c1",
                "sha256:6540377fbd53fe1b629172288c464fb18db11ce1fa7dc15891da10aa9dcc3e7f",
                "sha256:6689e828a94eee4f139408c337bb198e014724bb8a8c26d3cfac49d119ed69a6",
                "sha256:68a9198d0fc122d14bb76837de9aa80cf84caed990b5b237f532ed87d3706736",
                "sha256:6b1761fbf9ec984e2e9d9c589ef5f5fd684b7c19f92aadd567a26c5224958db6",
                "sha256:70cdfd80589d59e43e18005dd7244e8895e93db8ab6a620b7e23df5445a4e3d2",
                "sha256:70ef8a7e102a1508f8121aae5b0867abd663f72c14f0a9c937e6554cb4587b7b",
                "sha256:73bc2086f141224ebddb7fc5c6a36ca58b31b94b561e1dfe8e073e3270fad1e7",
                "sha256:74a9717fd0d82effef5c2854f0d917231d5324b5a3eb7275c43ac9fa32f97a14",
                "sha256:752d3bbfe874715ccd0aec7f88d7fc623c0f1fd7aa7b3238a084e017bad2a009",
                "sha256:762ff394d5bd56da0cf034a23dcce4e13923f15321a2adfa2ac00201dc6d3fca",
                "sha256:76447f65250ed2501ead1a1552f5ce8edff159a86f308348e6a9c4acb5e1f1b4",
                "sha256:766b010012d59470072c1816b5b6c69f1d243e5db36ea5968e94accf430a4635",
                "sha256:787b2496d0dbe8cd180984e8d29e3a6f76e7ea34db781cb3bd55e4ba1ef8b4ee",
                "sha256:793033d6c5cdf33a573f910d9bea14ef8f5771820411d118da8e1182edb53d5e",
                "sha256:7d47866cb32fb503450b6edc9df355d10dc49836af2e89901bd6ac6b0896d9d9",
                "sha256:7f7a92e8583f06b1fd49d01158143b8461cfcd135dcb10ec807270a3051bd603",
                "sha256:80c2dfadb855da477cf73373ad29a333535dedb9b12bad02c9814c8e2b43bf08",
                "sha256:83b6b30eb131da7a75b601f28c5d6971e6ed3e887919bf6b6a1ad3c2df289080",
                "sha256:86281fbdd6a8162756f8d603f37e3435bfa38043adb79c6dc6a2dfee065e7525",
                "sha256:86c89b9d55ebf820ad7c90bc533410f0d098054f293351f10603c0c46ff598f5",
                "sha256:876e1ff5930ed8bf295ec5ef9a8155e9b6b1876bbf1deed8b3a8069311875a8f",
                "sha256:88136950da4d13c318bde414ce10219931937851327f44328f2df4d2c4614067",
                "sha256:88d8cb75b9d82858497a5393e3c63cfbf03035225e4b35a49ed7ccb151e4dc0e",
                "sha256:8be8ad51249698103d24b0571df35a10990fbe93dd043b6c024172189485f5e3",
                "sha256:8d43ca737b20e106e4aebc42b2f3ae19f00ba63d7eb731698ee083d72d15646f",
                "sha256:8dadbe5b217ff35b6a8d16610dd710219b59b76d13f0e3f0d9f36786206e4485",
                "sha256:9395002973c827b3ed67db77e6ec09f092919a587022174554096a269378fb13",
                "sha256:96f2ec43df44b1f76249ee0a615334f9b5b060e1c8bd90e706dad2d14d02f383",
                "sha256:98fc784c2c1440667aeedf8465bdfe10208acf0ead656a2c68627299f546b315",
                "sha256:9e36f163528fc50cbef305f02a5fd66d404edf7049cdaff211dbc2cba5a7013e",
                "sha256:9eb9b5a968f6e0f6d640092a567e14529ff8cea2e29d00da6f78a79fa49f013c",
                "sha256:9f76acfb5f68ba982635a53fd985a8044be98a35b43232c2a1ee235ffab3e1dd",
                "sha256:a088f287f7d8275a33c07f2cac6c50b9319309a0200a39e7e75d80c707723099",
                "sha256:a10bd2fd62e8ce916ececb342f348f190724a098c1faa056fdfb2a22ad5e8660",
                "sha256:a4bbea04c97f6d78a48e3fbc1cb9116d2780b1b39e03a23f6eb9b603fd61f510",
                "sha256:aa366a1e55b8ebfe8ca8ddc3cfe75c8ebade181aeb0f661d0cb05986b647f72a",
                "sha256:aa49e06d94aba782c6a02eecb7e507969e7e7a41b267f1b359bb35585f295d5b",
                "sha256:aad9aa39483ed8ec44d6d2e59e5b98a0d80676ef0d92f44bfc374836111f62f5",
                "sha256:aae97dfdb60715c164419ac2532a76d013c3918a665eb6cb7288098b5f349aaf",
                "sha256:abbefa31eee84842140f67acef1c828e28bba8bbf0c3bc6e5492a9af88152c28",
                "sha256:ac931cdc9442c1763b8a8f6cd62c0c938737eafc5be75eff88df55fc73bc0d00",
                "sha256:acd7d70b64c0aae0c7922cca83d288a16f5f6da523637697872253415269baef",
                "sha256:add8cf6ddf9a65116119a28ece0f7886e30af27ba724a7594305f1d1b58a92a1",
                "sha256:aee395f5d0927f947758b4ec119fd5fc8ec71f07a1c5c52077b30b04c0fa6955",
                "sha256:b1b963fd8f5caa68e99dfae060d54de1fe9cba899b8718b44a00cdca53c3e590",
                "sha256:b2d444f2e66624d68e9c6b211e28a76e22fff5fcabcfff4deac18b529b7d4137",
                "sha256:b8d812c6011c08b8111a15e54dd990b8923692d80adf35488bee34026c35accf",
                "sha256:ba96ae44888e0185281e937633a743ea90d5a196c6000f82565ebb0580012d40",
                "sha256:bdebcc8a75d38c7598dfb2c9ed852d7a9eb4a10d6e2d0764b919b802bf32ac88",
                "sha256:c07da4cebf6889f03ebac8d238f62318e29f495de0aa18a51ea14e61ae907e2e",
                "sha256:c08e5c694306507275f2290073350c4f32e383db15213b2c69e7ff39c1193840",
                "sha256:c4f469aebd783bb741c2ecb2a681008fd26bfe5c16a9a72ed5467f834e810df2",
                "sha256:c5d7152ec39ca7c402d8fb9bad86140a15b9503bd0c54484e3f1bbe3dd37ceca",
                "sha256:c674693f055fa2495de12292cb45e9944199d8eaef5a2dec45175c7c61cb73e3",
                "sha256:c6ed5141a5c7507cf3ee76bd363b0d6f801e3321adc35b5d825a23115faa5465",
                "sha256:c921ba5c51e4e9f63b8b00267d06566e1f63407408a0496da2d1d0bfc819c7fc",
                "sha256:c9a4b821dc7055bf9e05ff5719e18ec501f75c0f0bbfabd573b277559780833d",
                "sha256:c9f79d5325907f13e1be0b3e4dacc1049d1dffc4aeee3c995284bea5fe0fab7d",
                "sha256:cd312b9692e831d2ffcad61eab31d91d4b4655a962e61de8fb410472cbcd37aa",
                "sha256:cea3f4c1af79af13cdb2da0c028111d8f8522d4f22a000c82385535f24e5cf3a",
                "sha256:cecdd5dfdc87b1fd87dbf81d4b037a544f47f4c744200a67013771682d67686a",
                "sha256:cf9d57306d848218f3601fee7601fab1a327c942d56e2e97610583cb4dd74206",
                "sha256:d34bbf07dbc7ca5970671b1512e928991fb5e9d95365636c9b2d8b4f53af405e",
                "sha256:d49514be2f28d895c38cf9d2b72d7b9a07d00314519f456c0b50b53cfcf4c785",
                "sha256:d680fbcb768404c601ecb43519ecd8461f6954cb11c06a78962f666832ccfca8",
                "sha256:db1d75f6617a49c1c01bc7023713e0ff59ab32c9579ae62a7674c0e34f3b0b0a",
                "sha256:dcb292aa7fe485ceff7af4f92e46c5af397daec5dff64871a528f0fc47a3cc5b",
                "sha256:e07c65f443c887bbcf31cc1771d932ecc192a5273943589b3c7572b749f1ffb2",
                "sha256:e902da4b04e6b52e5893900d4b8ab46068f75f3561f01bf1080957f9fd932ed6",
                "sha256:e9308ff8241c532df3f3e570f9a5aeed6c853f888512ba4b75638d7c11c95ef6",
                "sha256:eb7c9811bfaa8b1ed5ed319f5d370dfbcaa59d52ea64be2a5a85e18195930354",
                "sha256:ebe6af670449830d6d9b752c256a983291c766a1365ba5d5460048f9e33a7818",
                "sha256:ed21202aec73cda4d55d1ce57b389aadb90ffb044e6cd1080b8347efe1b1ec84",
                "sha256:efe0374196335f93b53269acd811b944f2e6bdc88e8894f214bd636455484909",
                "sha256:f64ec5397ea6a41fc1b4af0380d79b44a755b5531dcaccd9940fb260dca93038",
                "sha256:f6ac4ef4d82dff54670227a69c67782ae0b811b5cf6b17954f1e8f7502fc0d1d",
                "sha256:f6f0ce10945fab9c4c06ce14e22af9059d1a87493a9af4501a5b0b9187e21cf2",
                "sha256:f8844cd288697c6425c9beba919302241e3278871dc6519515e72b04e987abcf",
                "sha256:fe0306bd29505a9177aac19f1877174b0e7422c222a59f70b2cd41633448c3dc",
                "sha256:ff3f333630ab480244a1bff72043e511a91eb22e7595dead8653ee5612dd8f3d",
                "sha256:ffecec8eb889b58ba9be5b95fb1cc78e22ea8eedea38e8736a1568fe1979250e"
            ],
            "markers": "python_version >= '3.8'",
            "version": "==6.1.1"
        },
        "pymavlink": {
            "hashes": [
                "sha256:0a1867635ada32078bca118dd2b521bec71276a7a5d08e6afb0077cab409cd14",
                "sha256:0e5063ab4d6a2b85d7a5b7706b799ad264772ab0682f30c914672f86020e4446",
                "sha256:16c915365a21b7734c794ba97fa804ae6db52411bf62d21b877a51df2183dfab",
                "sha256:1a99736ed9e42935f2d9e0cba1c315320d77ed8fb2153c4dbf8778a521101ddf",
                "sha256:246e227ca8535de98a4b93876a14b9ced7bfc82c70458e480725a715aa6b6bf3",
                "sha256:29943b071e75c4caa87fb7b1e15cdcde712d31dbd1c1babac6b45264ba1a6c97",
                "sha256:31b77118c7a3fa6adb9ec3e2401d26c4f2988e9c5a0b37f5a96526a4cecb81aa",
                "sha256:31ca1c1e60a21f240abf35258df30e7b5ee954a055bbe7584f0ebabb48dd8c40",
                "sha256:34d223bf095cf4d7b93320dcf8d4c8b15c7498b35eb609263b3674e3099bcb39",
                "sha256:37937d5dfd2ddc2a64ea64687380278ac9c49e1644ea125f1e8a5caf4e1f2ebd",
                "sha256:4269be350ecb674e90df91539aded072b2ff7153c2cf4b9fdadd9e49cd67d040",
                "sha256:4a87b508a9e9215afdb809189224731b4b34153f3879226fd94b8f485ac626ab",
                "sha256:4b56eea3d596e750d32b9fbafe35ae9db3b91bae338f8bf758e37729b48fce30",
                "sha256:4e03ae4c4a9d3cd261a09c1dcc3b83e4d0493c9d4a8a438219f7133b1bd6d74a",
                "sha256:55f0de705a985dc47b384a3aae1b1425217614c604b6defffac9f247c98c99af",
                "sha256:58e954576b0323535336d347a7bb1c96794e1f2a966afd48e2fd304c5d40ab65",
                "sha256:5b1c616cac5bcd84d5d27a228746fbd72aae8e8e852947e6a26bf889b8874a17",
                "sha256:5bb248d2c33f23b240cf1b8b4659d656daa2631c830c493fdaa88f0f69024dff",
                "sha256:5e14316b7bc02b93d509aa719ae6600bbc8f8fc4a8b62062d129089e5c07fb62",
                "sha256:5e4a91f6dabe4c7087ad3a6564c00992b38a336be021f093a01910efbbe2efb2",
                "sha256:61e21d219dea0033d81cc34dc5ba5b0f21d6813677613987ceeadf98181091b1",
                "sha256:6d1c16ee2b913cbd9768709bb9d6716320b317f632cd588fa112e45309c62a33",
                "sha256:7104eef554b01d6c180e1a532dc494c4b1d74e48b0b725328ec39f042982e172",
                "sha256:712ee4240a9489c6dab6158882c7e1f37516c5951db5841cd408ad7b4c6db0d4",
                "sha256:795e6628f9ecf0b06e3b7b65f8fcf477ec1603971d590cffd4640cff1852da23",
                "sha256:8100f2f1f53b094611531df2cfb25f1c8e8fdee01f095eb8ee18976994663cf6",
                "sha256:813f59d4942d5c635369869436440124e10fed5ee97c85dab146d081acc04763",
                "sha256:816e1100c7a5525d2b7af7e2da2febbddf72e0a553f5e084bcef5dfb32cbd24e",
                "sha256:8189088803ddca8634ec7aa2ade273561e4506853eedcf64ced5e8e4653d979c",
                "sha256:85155f395a238764eab374edaff901cfe24ecc884c0bc1ed94818d89ab30c6b4",
                "sha256:8522d652fef8fb03c7ee50abd2686ffe0262cbec06136ae230f3a88cccdff21c",
                "sha256:86d9c9dc261f1f7b785c45b6db002f6a9738ec8923065f83a6065fc0585a116e",
                "sha256:86ffb6df2e29cb5365a2ec875ec903e4cbd516523d43eaacec2e9fca97567e0d",
                "sha256:8aedb6d6655c3e4273a7d323b48ff60b45b329c00bd3b293d3a63331ff36a637",
                "sha256:8d310394d1c26a24e8b662e9aa2ece49016a6f9e0f8cbfd069a2e5c998e53aa5",
                "sha256:9022a4fad161c330196a30bed0abcce9c9a39d1b388d48cfff03663c4753f142",
                "sha256:94207c56068487067a6f0de49238b6ed9d54f3ba2baf67fea6e5c919e380c09d",
                "sha256:9777a0375ebcda0efda3f4eae6d8d2e5ce6de8e26c2f0ac7be1a016d0d386b82",
                "sha256:984e4f94b5f5e895b169c8d08851844e111c66afef9607ef7467de1eb1fa18ea",
                "sha256:9d2db4b88f38aa1ba4c0653a8c5938364bfe78a008e8d02627534015142bf774",
                "sha256:9f14bbe1ce3d5c0af4994f0f76d1a8d0c2f915d7dcb7645c1ecba42eeff89536",
                "sha256:a6ebf8ab2dbfe9ab3fd560d19bb1d2a94d708e795e22606c7fde4368877fdc4f",
                "sha256:a74d5fc8a825d2ffe48921f5d10a053408d44608012fb19161747fa28c8b5383",
                "sha256:aaed40e3e550f43dc8820ff62116707e2141f1e34fb53c893626d35b614fb6c3",
                "sha256:aba402b0e569626788b781f5c57cb0e0303851c8aa3fcf1a72b505b7c7c1fec7",
                "sha256:af7e84aec82f00fd574c2a0dbe11fb1a4c3cbf26f294ca0ef3807dcc5670567e",
                "sha256:b30bfb76ff520508297836b8d9c11787c33897cee2099188e07c54b0678db6d5",
                "sha256:b33130564a3479f112477a62f952f039bba2f4d440d7cd8785d0d8d7b12a61f7",
                "sha256:b41709796c26871fb35541691bde2c703d66720c7eb5212420cc49b889f01a71",
                "sha256:b7925330a4bb30bcc732971cfeb1aa54515efd28f4588d7abc942967d7a2298b",
                "sha256:be3607975eb7392b89a847c6810a4b5e2e3ea6935c7875dfb1289de39ccb4aea",
                "sha256:bf1d869a6730f9cce98779258b203ebd084ba905b34c2dc0e0507789571903c0",
                "sha256:bf4c13703bc6dcbc70083a12aaec71f3a36a6b607290e93f59f2b004ebd02784",
                "sha256:c0434e6d2546827d4068c7695d6f17d0d2d5d77769f0dddc7edb08d907ef989f",
                "sha256:c5702142ad5727fce926c54233016e076fb4288cd8211954cc9efdc523f9714a",
                "sha256:c7415592166d9cbd4434775828b00c71bebf292c8367744d861e3ccd2dab9f3e",
                "sha256:cdf11ac8ac1158fc9428cd1a2b5128b504549920b28d5dbbb052310179f501d6",
                "sha256:d49309e00d4d434f2e414c166b18ef18496987a13a613864f89a19ca190ef0d0",
                "sha256:d7cf10d5592d038a18aa972711177ebb88be2143efcc258df630b0513e9da2c2",
                "sha256:db9c0d00e79946ecf1ac89847f32712ef546994342f44b3e9a68e59cfbc85bef",
                "sha256:dcf50ea5da306025dd5ddd45ed603e5f8a06c292dd22a143c9ff4292627ca338",
                "sha256:e433f17ec738b5f58a603d92d3c9be408f22bb07a0ea52bbe4cfed7c0f5814d7",
                "sha256:e69036e0556a688aeb6a4a5acb4737bbf275713090f6839dda36db4cabbb676b",
                "sha256:e7c92b066ff05587dbdbc517f20eb7f98f2aa13916223fcd6daed54a8d1b7bc5",
                "sha256:e8b13b9ac195e9fa8f01cda21638e26af9c5a90e3475ddb43fd2b9e396913f6b",
                "sha256:f1b6e29972792a1da3fafde911355631b8a62735297a2f3c5209aa985919917a",
                "sha256:f7cfaf3cc1abd611c0757d4b7e56eaf5b4cfa54510a3178b26ebbd9d3443b9d7",
                "sha256:f7e6fef89828112de48caee2fc541f5b49c97d19c4ec40a026de6c9e523a2388",
                "sha256:f7fe9286fd5b2db05277d30d1ea6b9b3a9ea010a99aff04d451705cc4be6a7e6",
                "sha256:f854d1d730f40d4efa52d8901413af1b23d16187e941b76d55f0dcc0208d641d",
                "sha256:f87805869bd6d656debedddaeee4e451256364634db0551345544445ee946d26",
                "sha256:ffe2fe273581aa8d2bec2db68e9f2da987b3685d1cd69fc9136fab002cdb9b1d"
            ],
            "index": "pypi",
            "version": "==2.4.49"
        }
    },
    "develop": {}
}
